
Microsoft Visual Studio Solution File, Format Version 12.00
# Visual Studio Version 17
VisualStudioVersion = 17.9.34622.214
MinimumVisualStudioVersion = 10.0.40219.1
Project("{FAE04EC0-301F-11D3-BF4B-00C04F79EFBC}") = "Cinema-app", "Cinema-app\Cinema-app.csproj", "{238D789D-CFB3-4430-A875-E89C1EA8EBDF}"
EndProject
Global
	GlobalSection(SolutionConfigurationPlatforms) = preSolution
		Debug|Any CPU = Debug|Any CPU
		Release|Any CPU = Release|Any CPU
	EndGlobalSection
	GlobalSection(ProjectConfigurationPlatforms) = postSolution
		{238D789D-CFB3-4430-A875-E89C1EA8EBDF}.Debug|Any CPU.ActiveCfg = Debug|Any CPU
		{238D789D-CFB3-4430-A875-E89C1EA8EBDF}.Debug|Any CPU.Build.0 = Debug|Any CPU
		{238D789D-CFB3-4430-A875-E89C1EA8EBDF}.Release|Any CPU.ActiveCfg = Release|Any CPU
		{238D789D-CFB3-4430-A875-E89C1EA8EBDF}.Release|Any CPU.Build.0 = Release|Any CPU
	EndGlobalSection
	GlobalSection(SolutionProperties) = preSolution
		HideSolutionNode = FALSE
	EndGlobalSection
	GlobalSection(ExtensibilityGlobals) = postSolution
		SolutionGuid = {9C30155D-FAE5-450E-81B0-E5295FEBD1FE}
	EndGlobalSection
EndGlobal
